lockfileVersion: 5.4

specifiers:
  '@hapi/hapi': ^21.3.0
  '@types/node': ^18.14.0
  chatgpt: ^4.4.1

dependencies:
  '@hapi/hapi': 21.3.0
  chatgpt: 4.4.1

devDependencies:
  '@types/node': 18.14.0

packages:

  /@hapi/accept/6.0.1:
    resolution: {integrity: sha512-aLkYj7zzgC3CSlEVOs84eBOEE3i9xZK2tdQEP+TOj2OFzMWCi9zjkRet82V3GGjecE//zFrCLKIykuaE0uM4bg==}
    dependencies:
      '@hapi/boom': 10.0.1
      '@hapi/hoek': 11.0.2
    dev: false

  /@hapi/ammo/6.0.1:
    resolution: {integrity: sha512-pmL+nPod4g58kXrMcsGLp05O2jF4P2Q3GiL8qYV7nKYEh3cGf+rV4P5Jyi2Uq0agGhVU63GtaSAfBEZOlrJn9w==}
    dependencies:
      '@hapi/hoek': 11.0.2
    dev: false

  /@hapi/b64/6.0.1:
    resolution: {integrity: sha512-ZvjX4JQReUmBheeCq+S9YavcnMMHWqx3S0jHNXWIM1kQDxB9cyfSycpVvjfrKcIS8Mh5N3hmu/YKo4Iag9g2Kw==}
    dependencies:
      '@hapi/hoek': 11.0.2
    dev: false

  /@hapi/boom/10.0.1:
    resolution: {integrity: sha512-ERcCZaEjdH3OgSJlyjVk8pHIFeus91CjKP3v+MpgBNp5IvGzP2l/bRiD78nqYcKPaZdbKkK5vDBVPd2ohHBlsA==}
    dependencies:
      '@hapi/hoek': 11.0.2
    dev: false

  /@hapi/bounce/3.0.1:
    resolution: {integrity: sha512-G+/Pp9c1Ha4FDP+3Sy/Xwg2O4Ahaw3lIZFSX+BL4uWi64CmiETuZPxhKDUD4xBMOUZbBlzvO8HjiK8ePnhBadA==}
    dependencies:
      '@hapi/boom': 10.0.1
      '@hapi/hoek': 11.0.2
    dev: false

  /@hapi/bourne/3.0.0:
    resolution: {integrity: sha512-Waj1cwPXJDucOib4a3bAISsKJVb15MKi9IvmTI/7ssVEm6sywXGjVJDhl6/umt1pK1ZS7PacXU3A1PmFKHEZ2w==}
    dev: false

  /@hapi/call/9.0.1:
    resolution: {integrity: sha512-uPojQRqEL1GRZR4xXPqcLMujQGaEpyVPRyBlD8Pp5rqgIwLhtveF9PkixiKru2THXvuN8mUrLeet5fqxKAAMGg==}
    dependencies:
      '@hapi/boom': 10.0.1
      '@hapi/hoek': 11.0.2
    dev: false

  /@hapi/catbox-memory/6.0.1:
    resolution: {integrity: sha512-sVb+/ZxbZIvaMtJfAbdyY+QJUQg9oKTwamXpEg/5xnfG5WbJLTjvEn4kIGKz9pN3ENNbIL/bIdctmHmqi/AdGA==}
    dependencies:
      '@hapi/boom': 10.0.1
      '@hapi/hoek': 11.0.2
    dev: false

  /@hapi/catbox/12.1.1:
    resolution: {integrity: sha512-hDqYB1J+R0HtZg4iPH3LEnldoaBsar6bYp0EonBmNQ9t5CO+1CqgCul2ZtFveW1ReA5SQuze9GPSU7/aecERhw==}
    dependencies:
      '@hapi/boom': 10.0.1
      '@hapi/hoek': 11.0.2
      '@hapi/podium': 5.0.1
      '@hapi/validate': 2.0.1
    dev: false

  /@hapi/content/6.0.0:
    resolution: {integrity: sha512-CEhs7j+H0iQffKfe5Htdak5LBOz/Qc8TRh51cF+BFv0qnuph3Em4pjGVzJMkI2gfTDdlJKWJISGWS1rK34POGA==}
    dependencies:
      '@hapi/boom': 10.0.1
    dev: false

  /@hapi/cryptiles/6.0.1:
    resolution: {integrity: sha512-9GM9ECEHfR8lk5ASOKG4+4ZsEzFqLfhiryIJ2ISePVB92OHLp/yne4m+zn7z9dgvM98TLpiFebjDFQ0UHcqxXQ==}
    engines: {node: '>=14.0.0'}
    dependencies:
      '@hapi/boom': 10.0.1
    dev: false

  /@hapi/file/3.0.0:
    resolution: {integrity: sha512-w+lKW+yRrLhJu620jT3y+5g2mHqnKfepreykvdOcl9/6up8GrQQn+l3FRTsjHTKbkbfQFkuksHpdv2EcpKcJ4Q==}
    dev: false

  /@hapi/hapi/21.3.0:
    resolution: {integrity: sha512-D0g78N1GlbhYteuDFEL3yA3zv/MMQZC9q7U1bblwGNdh1M4oIuy5u3eEeiBSdy7HY8oWhwPCnr0s9287MIctzg==}
    engines: {node: '>=14.15.0'}
    dependencies:
      '@hapi/accept': 6.0.1
      '@hapi/ammo': 6.0.1
      '@hapi/boom': 10.0.1
      '@hapi/bounce': 3.0.1
      '@hapi/call': 9.0.1
      '@hapi/catbox': 12.1.1
      '@hapi/catbox-memory': 6.0.1
      '@hapi/heavy': 8.0.1
      '@hapi/hoek': 11.0.2
      '@hapi/mimos': 7.0.1
      '@hapi/podium': 5.0.1
      '@hapi/shot': 6.0.1
      '@hapi/somever': 4.1.1
      '@hapi/statehood': 8.0.1
      '@hapi/subtext': 8.1.0
      '@hapi/teamwork': 6.0.0
      '@hapi/topo': 6.0.1
      '@hapi/validate': 2.0.1
    dev: false

  /@hapi/heavy/8.0.1:
    resolution: {integrity: sha512-gBD/NANosNCOp6RsYTsjo2vhr5eYA3BEuogk6cxY0QdhllkkTaJFYtTXv46xd6qhBVMbMMqcSdtqey+UQU3//w==}
    dependencies:
      '@hapi/boom': 10.0.1
      '@hapi/hoek': 11.0.2
      '@hapi/validate': 2.0.1
    dev: false

  /@hapi/hoek/11.0.2:
    resolution: {integrity: sha512-aKmlCO57XFZ26wso4rJsW4oTUnrgTFw2jh3io7CAtO9w4UltBNwRXvXIVzzyfkaaLRo3nluP/19msA8vDUUuKw==}
    dev: false

  /@hapi/iron/7.0.1:
    resolution: {integrity: sha512-tEZnrOujKpS6jLKliyWBl3A9PaE+ppuL/+gkbyPPDb/l2KSKQyH4lhMkVb+sBhwN+qaxxlig01JRqB8dk/mPxQ==}
    dependencies:
      '@hapi/b64': 6.0.1
      '@hapi/boom': 10.0.1
      '@hapi/bourne': 3.0.0
      '@hapi/cryptiles': 6.0.1
      '@hapi/hoek': 11.0.2
    dev: false

  /@hapi/mimos/7.0.1:
    resolution: {integrity: sha512-b79V+BrG0gJ9zcRx1VGcCI6r6GEzzZUgiGEJVoq5gwzuB2Ig9Cax8dUuBauQCFKvl2YWSWyOc8mZ8HDaJOtkew==}
    dependencies:
      '@hapi/hoek': 11.0.2
      mime-db: 1.52.0
    dev: false

  /@hapi/nigel/5.0.1:
    resolution: {integrity: sha512-uv3dtYuB4IsNaha+tigWmN8mQw/O9Qzl5U26Gm4ZcJVtDdB1AVJOwX3X5wOX+A07qzpEZnOMBAm8jjSqGsU6Nw==}
    engines: {node: '>=14.0.0'}
    dependencies:
      '@hapi/hoek': 11.0.2
      '@hapi/vise': 5.0.1
    dev: false

  /@hapi/pez/6.1.0:
    resolution: {integrity: sha512-+FE3sFPYuXCpuVeHQ/Qag1b45clR2o54QoonE/gKHv9gukxQ8oJJZPR7o3/ydDTK6racnCJXxOyT1T93FCJMIg==}
    dependencies:
      '@hapi/b64': 6.0.1
      '@hapi/boom': 10.0.1
      '@hapi/content': 6.0.0
      '@hapi/hoek': 11.0.2
      '@hapi/nigel': 5.0.1
    dev: false

  /@hapi/podium/5.0.1:
    resolution: {integrity: sha512-eznFTw6rdBhAijXFIlBOMJJd+lXTvqbrBIS4Iu80r2KTVIo4g+7fLy4NKp/8+UnSt5Ox6mJtAlKBU/Sf5080TQ==}
    dependencies:
      '@hapi/hoek': 11.0.2
      '@hapi/teamwork': 6.0.0
      '@hapi/validate': 2.0.1
    dev: false

  /@hapi/shot/6.0.1:
    resolution: {integrity: sha512-s5ynMKZXYoDd3dqPw5YTvOR/vjHvMTxc388+0qL0jZZP1+uwXuUD32o9DuuuLsmTlyXCWi02BJl1pBpwRuUrNA==}
    dependencies:
      '@hapi/hoek': 11.0.2
      '@hapi/validate': 2.0.1
    dev: false

  /@hapi/somever/4.1.1:
    resolution: {integrity: sha512-lt3QQiDDOVRatS0ionFDNrDIv4eXz58IibQaZQDOg4DqqdNme8oa0iPWcE0+hkq/KTeBCPtEOjDOBKBKwDumVg==}
    dependencies:
      '@hapi/bounce': 3.0.1
      '@hapi/hoek': 11.0.2
    dev: false

  /@hapi/statehood/8.0.1:
    resolution: {integrity: sha512-xsKPbouuVX0x5v5TD5FX3m5W5z+HMDutcFkOskien3g7Zo8EtuIAhgtkGxG4voH3OU8PxNz0C6Oxegwoltrsog==}
    dependencies:
      '@hapi/boom': 10.0.1
      '@hapi/bounce': 3.0.1
      '@hapi/bourne': 3.0.0
      '@hapi/cryptiles': 6.0.1
      '@hapi/hoek': 11.0.2
      '@hapi/iron': 7.0.1
      '@hapi/validate': 2.0.1
    dev: false

  /@hapi/subtext/8.1.0:
    resolution: {integrity: sha512-PyaN4oSMtqPjjVxLny1k0iYg4+fwGusIhaom9B2StinBclHs7v46mIW706Y+Wo21lcgulGyXbQrmT/w4dus6ww==}
    dependencies:
      '@hapi/boom': 10.0.1
      '@hapi/bourne': 3.0.0
      '@hapi/content': 6.0.0
      '@hapi/file': 3.0.0
      '@hapi/hoek': 11.0.2
      '@hapi/pez': 6.1.0
      '@hapi/wreck': 18.0.1
    dev: false

  /@hapi/teamwork/6.0.0:
    resolution: {integrity: sha512-05HumSy3LWfXpmJ9cr6HzwhAavrHkJ1ZRCmNE2qJMihdM5YcWreWPfyN0yKT2ZjCM92au3ZkuodjBxOibxM67A==}
    engines: {node: '>=14.0.0'}
    dev: false

  /@hapi/topo/6.0.1:
    resolution: {integrity: sha512-JioWUZL1Bm7r8bnCDx2AUggiPwpV7djFfDTWT1aZSyHjN++fVz7XPdW8YVCxvyv9bSWcbbOLV/h4U1zGdwrN3w==}
    dependencies:
      '@hapi/hoek': 11.0.2
    dev: false

  /@hapi/validate/2.0.1:
    resolution: {integrity: sha512-NZmXRnrSLK8MQ9y/CMqE9WSspgB9xA41/LlYR0k967aSZebWr4yNrpxIbov12ICwKy4APSlWXZga9jN5p6puPA==}
    dependencies:
      '@hapi/hoek': 11.0.2
      '@hapi/topo': 6.0.1
    dev: false

  /@hapi/vise/5.0.1:
    resolution: {integrity: sha512-XZYWzzRtINQLedPYlIkSkUr7m5Ddwlu99V9elh8CSygXstfv3UnWIXT0QD+wmR0VAG34d2Vx3olqcEhRRoTu9A==}
    dependencies:
      '@hapi/hoek': 11.0.2
    dev: false

  /@hapi/wreck/18.0.1:
    resolution: {integrity: sha512-OLHER70+rZxvDl75xq3xXOfd3e8XIvz8fWY0dqg92UvhZ29zo24vQgfqgHSYhB5ZiuFpSLeriOisAlxAo/1jWg==}
    dependencies:
      '@hapi/boom': 10.0.1
      '@hapi/bourne': 3.0.0
      '@hapi/hoek': 11.0.2
    dev: false

  /@types/node/18.14.0:
    resolution: {integrity: sha512-5EWrvLmglK+imbCJY0+INViFWUHg1AHel1sq4ZVSfdcNqGy9Edv3UB9IIzzg+xPaUcAgZYcfVs2fBcwDeZzU0A==}
    dev: true

  /chatgpt/4.4.1:
    resolution: {integrity: sha512-rccShNzq/aE4LMmwTW4IOHIAZgNRbX0KetVKRCdR4SkRXz63FWzOfu8pNbaN65gsvvXwXyRzD7W4LLDyXe4TYg==}
    engines: {node: '>=18'}
    dependencies:
      eventsource-parser: 0.0.5
      gpt-3-encoder: 1.1.4
      keyv: 4.5.2
      p-timeout: 6.1.1
      quick-lru: 6.1.1
      uuid: 9.0.0
    dev: false

  /eventsource-parser/0.0.5:
    resolution: {integrity: sha512-BAq82bC3ZW9fPYYZlofXBOAfbpmDzXIOsj+GOehQwgTUYsQZ6HtHs6zuRtge7Ph8OhS6lNH1kJF8q9dj17RcmA==}
    engines: {node: '>=12'}
    dev: false

  /gpt-3-encoder/1.1.4:
    resolution: {integrity: sha512-fSQRePV+HUAhCn7+7HL7lNIXNm6eaFWFbNLOOGtmSJ0qJycyQvj60OvRlH7mee8xAMjBDNRdMXlMwjAbMTDjkg==}
    dev: false

  /json-buffer/3.0.1:
    resolution: {integrity: sha512-4bV5BfR2mqfQTJm+V5tPPdf+ZpuhiIvTuAB5g8kcrXOZpTT/QwwVRWBywX1ozr6lEuPdbHxwaJlm9G6mI2sfSQ==}
    dev: false

  /keyv/4.5.2:
    resolution: {integrity: sha512-5MHbFaKn8cNSmVW7BYnijeAVlE4cYA/SVkifVgrh7yotnfhKmjuXpDKjrABLnT0SfHWV21P8ow07OGfRrNDg8g==}
    dependencies:
      json-buffer: 3.0.1
    dev: false

  /mime-db/1.52.0:
    resolution: {integrity: sha512-sPU4uV7dYlvtWJxwwxHD0PuihVNiE7TyAbQ5SWxDCB9mUYvOgroQOwYQQOKPJ8CIbE+1ETVlOoK1UC2nU3gYvg==}
    engines: {node: '>= 0.6'}
    dev: false

  /p-timeout/6.1.1:
    resolution: {integrity: sha512-yqz2Wi4fiFRpMmK0L2pGAU49naSUaP23fFIQL2Y6YT+qDGPoFwpvgQM/wzc6F8JoenUkIlAFa4Ql7NguXBxI7w==}
    engines: {node: '>=14.16'}
    dev: false

  /quick-lru/6.1.1:
    resolution: {integrity: sha512-S27GBT+F0NTRiehtbrgaSE1idUAJ5bX8dPAQTdylEyNlrdcH5X4Lz7Edz3DYzecbsCluD5zO8ZNEe04z3D3u6Q==}
    engines: {node: '>=12'}
    dev: false

  /uuid/9.0.0:
    resolution: {integrity: sha512-MXcSTerfPa4uqyzStbRoTgt5XIe3x5+42+q1sDuy3R5MDk66URdLMOZe5aPX/SQd+kuYAh0FdP/pO28IkQyTeg==}
    hasBin: true
    dev: false
